
Microsoft Visual Studio Solution File, Format Version 12.00
# Visual Studio Version 17
VisualStudioVersion = 17.5.33530.505
MinimumVisualStudioVersion = 10.0.40219.1
Project("{8BC9CEB8-8B4A-11D0-8D11-00A0C91BC942}") = "23A_CG2", "23A_CG2.vcxproj", "{5622926D-B73B-4BAB-91F3-E2DE99E0E942}"
EndProject
Project("{2150E333-8FDC-42A3-9474-1A3956D46DE8}") = "ソリューション項目", "ソリューション項目", "{87862535-E758-4A46-90E0-316EED735B8B}"
	ProjectSection(SolutionItems) = preProject
		.editorconfig = .editorconfig
	EndProjectSection
EndProject
Project("{8BC9CEB8-8B4A-11D0-8D11-00A0C91BC942}") = "DirectXTex", "externals\DirectXTex\DirectXTex_Desktop_2022_Win10.vcxproj", "{371B9FA9-4C90-4AC6-A123-ACED756D6C77}"
EndProject
Global
	GlobalSection(SolutionConfigurationPlatforms) = preSolution
		Debug|ARM64 = Debug|ARM64
		Debug|x64 = Debug|x64
		Profile|ARM64 = Profile|ARM64
		Profile|x64 = Profile|x64
		Release|ARM64 = Release|ARM64
		Release|x64 = Release|x64
	EndGlobalSection
	GlobalSection(ProjectConfigurationPlatforms) = postSolution
		{5622926D-B73B-4BAB-91F3-E2DE99E0E942}.Debug|ARM64.ActiveCfg = Debug|x64
		{5622926D-B73B-4BAB-91F3-E2DE99E0E942}.Debug|ARM64.Build.0 = Debug|x64
		{5622926D-B73B-4BAB-91F3-E2DE99E0E942}.Debug|x64.ActiveCfg = Debug|x64
		{5622926D-B73B-4BAB-91F3-E2DE99E0E942}.Debug|x64.Build.0 = Debug|x64
		{5622926D-B73B-4BAB-91F3-E2DE99E0E942}.Profile|ARM64.ActiveCfg = Release|x64
		{5622926D-B73B-4BAB-91F3-E2DE99E0E942}.Profile|ARM64.Build.0 = Release|x64
		{5622926D-B73B-4BAB-91F3-E2DE99E0E942}.Profile|x64.ActiveCfg = Release|x64
		{5622926D-B73B-4BAB-91F3-E2DE99E0E942}.Profile|x64.Build.0 = Release|x64
		{5622926D-B73B-4BAB-91F3-E2DE99E0E942}.Release|ARM64.ActiveCfg = Release|x64
		{5622926D-B73B-4BAB-91F3-E2DE99E0E942}.Release|ARM64.Build.0 = Release|x64
		{5622926D-B73B-4BAB-91F3-E2DE99E0E942}.Release|x64.ActiveCfg = Release|x64
		{5622926D-B73B-4BAB-91F3-E2DE99E0E942}.Release|x64.Build.0 = Release|x64
		{371B9FA9-4C90-4AC6-A123-ACED756D6C77}.Debug|ARM64.ActiveCfg = Debug|ARM64
		{371B9FA9-4C90-4AC6-A123-ACED756D6C77}.Debug|ARM64.Build.0 = Debug|ARM64
		{371B9FA9-4C90-4AC6-A123-ACED756D6C77}.Debug|x64.ActiveCfg = Debug|x64
		{371B9FA9-4C90-4AC6-A123-ACED756D6C77}.Debug|x64.Build.0 = Debug|x64
		{371B9FA9-4C90-4AC6-A123-ACED756D6C77}.Profile|ARM64.ActiveCfg = Profile|ARM64
		{371B9FA9-4C90-4AC6-A123-ACED756D6C77}.Profile|ARM64.Build.0 = Profile|ARM64
		{371B9FA9-4C90-4AC6-A123-ACED756D6C77}.Profile|x64.ActiveCfg = Profile|x64
		{371B9FA9-4C90-4AC6-A123-ACED756D6C77}.Profile|x64.Build.0 = Profile|x64
		{371B9FA9-4C90-4AC6-A123-ACED756D6C77}.Release|ARM64.ActiveCfg = Release|ARM64
		{371B9FA9-4C90-4AC6-A123-ACED756D6C77}.Release|ARM64.Build.0 = Release|ARM64
		{371B9FA9-4C90-4AC6-A123-ACED756D6C77}.Release|x64.ActiveCfg = Release|x64
		{371B9FA9-4C90-4AC6-A123-ACED756D6C77}.Release|x64.Build.0 = Release|x64
	EndGlobalSection
	GlobalSection(SolutionProperties) = preSolution
		HideSolutionNode = FALSE
	EndGlobalSection
	GlobalSection(ExtensibilityGlobals) = postSolution
		SolutionGuid = {E8697CD6-8414-4DFA-A2AB-3A8904D1A495}
	EndGlobalSection
EndGlobal
